
Microsoft Visual Studio Solution File, Format Version 12.00
# Visual Studio 14
VisualStudioVersion = 14.0.25420.1
MinimumVisualStudioVersion = 10.0.40219.1
Project("{FAE04EC0-301F-11D3-BF4B-00C04F79EFBC}") = "Net.Chdk.Providers.Category.Core", "Net.Chdk.Providers.Category.Core.csproj", "{05B4FC36-AB60-48A6-A12C-0D8BB73843DD}"
EndProject
Project("{D954291E-2A0B-460D-934E-DC6B0785DB48}") = "Net.Chdk.Shared", "..\..\..\Net.Chdk.Core\src\Net.Chdk.Shared\Net.Chdk.Shared.shproj", "{83C6A77C-3286-4F5F-B628-3B971097AD05}"
EndProject
Project("{FAE04EC0-301F-11D3-BF4B-00C04F79EFBC}") = "Net.Chdk.Model.Category", "..\..\..\Net.Chdk.Model.Category\src\Net.Chdk.Model.Category\Net.Chdk.Model.Category.csproj", "{732DF01F-2379-4244-ABA1-48BA99EA1883}"
EndProject
Global
	GlobalSection(SharedMSBuildProjectFiles) = preSolution
		..\..\..\Net.Chdk.Core\src\Net.Chdk.Shared\Net.Chdk.Shared.projitems*{05b4fc36-ab60-48a6-a12c-0d8bb73843dd}*SharedItemsImports = 4
		..\..\..\Net.Chdk.Core\src\Net.Chdk.Shared\Net.Chdk.Shared.projitems*{732df01f-2379-4244-aba1-48ba99ea1883}*SharedItemsImports = 4
		..\..\..\Net.Chdk.Core\src\Net.Chdk.Shared\Net.Chdk.Shared.projitems*{83c6a77c-3286-4f5f-b628-3b971097ad05}*SharedItemsImports = 13
	EndGlobalSection
	GlobalSection(SolutionConfigurationPlatforms) = preSolution
		Debug|Any CPU = Debug|Any CPU
		Debug|x64 = Debug|x64
		Release|Any CPU = Release|Any CPU
		Release|x64 = Release|x64
	EndGlobalSection
	GlobalSection(ProjectConfigurationPlatforms) = postSolution
		{05B4FC36-AB60-48A6-A12C-0D8BB73843DD}.Debug|Any CPU.ActiveCfg = Debug|Any CPU
		{05B4FC36-AB60-48A6-A12C-0D8BB73843DD}.Debug|Any CPU.Build.0 = Debug|Any CPU
		{05B4FC36-AB60-48A6-A12C-0D8BB73843DD}.Debug|x64.ActiveCfg = Debug|x64
		{05B4FC36-AB60-48A6-A12C-0D8BB73843DD}.Debug|x64.Build.0 = Debug|x64
		{05B4FC36-AB60-48A6-A12C-0D8BB73843DD}.Release|Any CPU.ActiveCfg = Release|Any CPU
		{05B4FC36-AB60-48A6-A12C-0D8BB73843DD}.Release|Any CPU.Build.0 = Release|Any CPU
		{05B4FC36-AB60-48A6-A12C-0D8BB73843DD}.Release|x64.ActiveCfg = Release|x64
		{05B4FC36-AB60-48A6-A12C-0D8BB73843DD}.Release|x64.Build.0 = Release|x64
		{732DF01F-2379-4244-ABA1-48BA99EA1883}.Debug|Any CPU.ActiveCfg = Debug|Any CPU
		{732DF01F-2379-4244-ABA1-48BA99EA1883}.Debug|Any CPU.Build.0 = Debug|Any CPU
		{732DF01F-2379-4244-ABA1-48BA99EA1883}.Debug|x64.ActiveCfg = Debug|x64
		{732DF01F-2379-4244-ABA1-48BA99EA1883}.Debug|x64.Build.0 = Debug|x64
		{732DF01F-2379-4244-ABA1-48BA99EA1883}.Release|Any CPU.ActiveCfg = Release|Any CPU
		{732DF01F-2379-4244-ABA1-48BA99EA1883}.Release|Any CPU.Build.0 = Release|Any CPU
		{732DF01F-2379-4244-ABA1-48BA99EA1883}.Release|x64.ActiveCfg = Release|x64
		{732DF01F-2379-4244-ABA1-48BA99EA1883}.Release|x64.Build.0 = Release|x64
	EndGlobalSection
	GlobalSection(SolutionProperties) = preSolution
		HideSolutionNode = FALSE
	EndGlobalSection
EndGlobal
